{
  "nodes": {
    "caelestia-cli": {
      "inputs": {
        "caelestia-shell": "caelestia-shell",
        "nixpkgs": [
          "nixpkgs"
        ]
      },
      "locked": {
        "lastModified": 1756173441,
        "narHash": "sha256-8Zc5wx9SVf0C/FdMe7oFVluy8N7JzNsd1/JO1PqKzqo=",
        "owner": "caelestia-dots",
        "repo": "cli",
        "rev": "a9ab4a02d542fcc85a55c74c056cb5a00ce7022d",
        "type": "github"
      },
      "original": {
        "owner": "caelestia-dots",
        "repo": "cli",
        "type": "github"
      }
    },
    "caelestia-shell": {
      "inputs": {
        "caelestia-cli": [
          "caelestia-cli"
        ],
        "nixpkgs": [
          "caelestia-cli",
          "nixpkgs"
        ],
        "quickshell": "quickshell"
      },
      "locked": {
        "lastModified": 1756116835,
        "narHash": "sha256-Vs2zMLYoVdUhbL+Wtg+AactV4V7vyeKDCVdibLhRe+Q=",
        "owner": "caelestia-dots",
        "repo": "shell",
        "rev": "783057ab0d694de7f3d79e96851bcdcfe1965cbd",
        "type": "github"
      },
      "original": {
        "owner": "caelestia-dots",
        "repo": "shell",
        "type": "github"
      }
    },
    "home-manager": {
      "inputs": {
        "nixpkgs": [
          "zen-browser",
          "nixpkgs"
        ]
      },
      "locked": {
        "lastModified": 1752603129,
        "narHash": "sha256-S+wmHhwNQ5Ru689L2Gu8n1OD6s9eU9n9mD827JNR+kw=",
        "owner": "nix-community",
        "repo": "home-manager",
        "rev": "e8c19a3cec2814c754f031ab3ae7316b64da085b",
        "type": "github"
      },
      "original": {
        "owner": "nix-community",
        "repo": "home-manager",
        "type": "github"
      }
    },
    "mikuboot": {
      "inputs": {
        "nixpkgs": [
          "nixpkgs"
        ],
        "utils": "utils"
      },
      "locked": {
        "lastModified": 1752335637,
        "narHash": "sha256-u7tvFX8KGMB+AmBDLzmYouPfFhijRq6AY1RAYk+GFkY=",
        "owner": "evysgarden",
        "repo": "mikuboot",
        "rev": "772b12f6a63286e1b7e0e2fdc74aff14320957df",
        "type": "gitlab"
      },
      "original": {
        "owner": "evysgarden",
        "repo": "mikuboot",
        "type": "gitlab"
      }
    },
    "nixpkgs": {
      "locked": {
        "lastModified": 1756125398,
        "narHash": "sha256-XexyKZpf46cMiO5Vbj+dWSAXOnr285GHsMch8FBoHbc=",
        "owner": "NixOS",
        "repo": "nixpkgs",
        "rev": "3b9f00d7a7bf68acd4c4abb9d43695afb04e03a5",
        "type": "github"
      },
      "original": {
        "id": "nixpkgs",
        "ref": "nixos-unstable",
        "type": "indirect"
      }
    },
    "quickshell": {
      "inputs": {
        "nixpkgs": [
          "caelestia-cli",
          "caelestia-shell",
          "nixpkgs"
        ]
      },
      "locked": {
        "lastModified": 1753595452,
        "narHash": "sha256-vqkSDvh7hWhPvNjMjEDV4KbSCv2jyl2Arh73ZXe274k=",
        "ref": "refs/heads/master",
        "rev": "a5431dd02dc23d9ef1680e67777fed00fe5f7cda",
        "revCount": 665,
        "type": "git",
        "url": "https://git.outfoxxed.me/outfoxxed/quickshell"
      },
      "original": {
        "type": "git",
        "url": "https://git.outfoxxed.me/outfoxxed/quickshell"
      }
    },
    "quickshell_2": {
      "inputs": {
        "nixpkgs": [
          "nixpkgs"
        ]
      },
      "locked": {
        "lastModified": 1753595452,
        "narHash": "sha256-vqkSDvh7hWhPvNjMjEDV4KbSCv2jyl2Arh73ZXe274k=",
        "ref": "refs/heads/master",
        "rev": "a5431dd02dc23d9ef1680e67777fed00fe5f7cda",
        "revCount": 665,
        "type": "git",
        "url": "https://git.outfoxxed.me/outfoxxed/quickshell"
      },
      "original": {
        "type": "git",
        "url": "https://git.outfoxxed.me/outfoxxed/quickshell"
      }
    },
    "root": {
      "inputs": {
        "caelestia-cli": "caelestia-cli",
        "mikuboot": "mikuboot",
        "nixpkgs": "nixpkgs",
        "quickshell": "quickshell_2",
        "zen-browser": "zen-browser"
      }
    },
    "systems": {
      "locked": {
        "lastModified": 1681028828,
        "narHash": "sha256-Vy1rq5AaRuLzOxct8nz4T6wlgyUR7zLU309k9mBC768=",
        "owner": "nix-systems",
        "repo": "default",
        "rev": "da67096a3b9bf56a91d16901293e51ba5b49a27e",
        "type": "github"
      },
      "original": {
        "owner": "nix-systems",
        "repo": "default",
        "type": "github"
      }
    },
    "utils": {
      "inputs": {
        "systems": "systems"
      },
      "locked": {
        "lastModified": 1731533236,
        "narHash": "sha256-l0KFg5HjrsfsO/JpG+r7fRrqm12kzFHyUHqHCVpMMbI=",
        "owner": "numtide",
        "repo": "flake-utils",
        "rev": "11707dc2f618dd54ca8739b309ec4fc024de578b",
        "type": "github"
      },
      "original": {
        "owner": "numtide",
        "repo": "flake-utils",
        "type": "github"
      }
    },
    "zen-browser": {
      "inputs": {
        "home-manager": "home-manager",
        "nixpkgs": [
          "nixpkgs"
        ]
      },
      "locked": {
        "lastModified": 1756182225,
        "narHash": "sha256-LDYO3FTzt3ZDn5l3ke5dI55j/tRW9MmfWhHOeO6dlco=",
        "owner": "0xc000022070",
        "repo": "zen-browser-flake",
        "rev": "3ac45e49f9a8e0edd956b43d587d34adcaa2a007",
        "type": "github"
      },
      "original": {
        "owner": "0xc000022070",
        "repo": "zen-browser-flake",
        "type": "github"
      }
    }
  },
  "root": "root",
  "version": 7
}
